
Microsoft Visual Studio Solution File, Format Version 12.00
# Visual Studio 15
VisualStudioVersion = 15.0.27428.2037
MinimumVisualStudioVersion = 10.0.40219.1
Project("{FAE04EC0-301F-11D3-BF4B-00C04F79EFBC}") = "Task_2", "Task_2\Task_2.csproj", "{F8BD5A7B-0C63-4066-B0D1-9B488A746832}"
EndProject
Global
	GlobalSection(SolutionConfigurationPlatforms) = preSolution
		Debug|Any CPU = Debug|Any CPU
		Release|Any CPU = Release|Any CPU
	EndGlobalSection
	GlobalSection(ProjectConfigurationPlatforms) = postSolution
		{F8BD5A7B-0C63-4066-B0D1-9B488A746832}.Debug|Any CPU.ActiveCfg = Debug|Any CPU
		{F8BD5A7B-0C63-4066-B0D1-9B488A746832}.Debug|Any CPU.Build.0 = Debug|Any CPU
		{F8BD5A7B-0C63-4066-B0D1-9B488A746832}.Release|Any CPU.ActiveCfg = Release|Any CPU
		{F8BD5A7B-0C63-4066-B0D1-9B488A746832}.Release|Any CPU.Build.0 = Release|Any CPU
	EndGlobalSection
	GlobalSection(SolutionProperties) = preSolution
		HideSolutionNode = FALSE
	EndGlobalSection
	GlobalSection(ExtensibilityGlobals) = postSolution
		SolutionGuid = {9DE88B59-DFF6-4361-942B-63A9AAA3E185}
	EndGlobalSection
EndGlobal
