
Microsoft Visual Studio Solution File, Format Version 12.00
# Visual Studio 15
VisualStudioVersion = 15.0.27428.2037
MinimumVisualStudioVersion = 10.0.40219.1
Project("{FAE04EC0-301F-11D3-BF4B-00C04F79EFBC}") = "Task_1", "Task_1\Task_1.csproj", "{BB711B1E-6AA8-4B1E-A8FB-CD567F549BA3}"
EndProject
Global
	GlobalSection(SolutionConfigurationPlatforms) = preSolution
		Debug|Any CPU = Debug|Any CPU
		Release|Any CPU = Release|Any CPU
	EndGlobalSection
	GlobalSection(ProjectConfigurationPlatforms) = postSolution
		{BB711B1E-6AA8-4B1E-A8FB-CD567F549BA3}.Debug|Any CPU.ActiveCfg = Debug|Any CPU
		{BB711B1E-6AA8-4B1E-A8FB-CD567F549BA3}.Debug|Any CPU.Build.0 = Debug|Any CPU
		{BB711B1E-6AA8-4B1E-A8FB-CD567F549BA3}.Release|Any CPU.ActiveCfg = Release|Any CPU
		{BB711B1E-6AA8-4B1E-A8FB-CD567F549BA3}.Release|Any CPU.Build.0 = Release|Any CPU
	EndGlobalSection
	GlobalSection(SolutionProperties) = preSolution
		HideSolutionNode = FALSE
	EndGlobalSection
	GlobalSection(ExtensibilityGlobals) = postSolution
		SolutionGuid = {A6F93D2F-6ED4-4E99-8820-CEBF7C507D0F}
	EndGlobalSection
EndGlobal
