
Microsoft Visual Studio Solution File, Format Version 12.00
# Visual Studio 15
VisualStudioVersion = 15.0.27428.2037
MinimumVisualStudioVersion = 10.0.40219.1
Project("{FAE04EC0-301F-11D3-BF4B-00C04F79EFBC}") = "Task_4", "Task_4\Task_4.csproj", "{D75B1D6F-75E0-4C76-9AE7-D1994B7C4B51}"
EndProject
Global
	GlobalSection(SolutionConfigurationPlatforms) = preSolution
		Debug|Any CPU = Debug|Any CPU
		Release|Any CPU = Release|Any CPU
	EndGlobalSection
	GlobalSection(ProjectConfigurationPlatforms) = postSolution
		{D75B1D6F-75E0-4C76-9AE7-D1994B7C4B51}.Debug|Any CPU.ActiveCfg = Debug|Any CPU
		{D75B1D6F-75E0-4C76-9AE7-D1994B7C4B51}.Debug|Any CPU.Build.0 = Debug|Any CPU
		{D75B1D6F-75E0-4C76-9AE7-D1994B7C4B51}.Release|Any CPU.ActiveCfg = Release|Any CPU
		{D75B1D6F-75E0-4C76-9AE7-D1994B7C4B51}.Release|Any CPU.Build.0 = Release|Any CPU
	EndGlobalSection
	GlobalSection(SolutionProperties) = preSolution
		HideSolutionNode = FALSE
	EndGlobalSection
	GlobalSection(ExtensibilityGlobals) = postSolution
		SolutionGuid = {10F4C3C0-BB5D-4A17-8621-3DD4088F3242}
	EndGlobalSection
EndGlobal
